
Microsoft Visual Studio Solution File, Format Version 12.00
# Visual Studio 15
VisualStudioVersion = 15.0.28010.2016
MinimumVisualStudioVersion = 10.0.40219.1
Project("{FAE04EC0-301F-11D3-BF4B-00C04F79EFBC}") = "BoxItUp", "BoxItUp\BoxItUp.csproj", "{05AE7017-1C77-4113-B966-DC46C76362A1}"
EndProject
Project("{FAE04EC0-301F-11D3-BF4B-00C04F79EFBC}") = "BoxItUpTests", "BoxItUpTests\BoxItUpTests.csproj", "{B3F8F00A-194B-4C1A-B1EA-5AD7EB34A72B}"
EndProject
Global
	GlobalSection(SolutionConfigurationPlatforms) = preSolution
		Debug|Any CPU = Debug|Any CPU
		Release|Any CPU = Release|Any CPU
	EndGlobalSection
	GlobalSection(ProjectConfigurationPlatforms) = postSolution
		{05AE7017-1C77-4113-B966-DC46C76362A1}.Debug|Any CPU.ActiveCfg = Debug|Any CPU
		{05AE7017-1C77-4113-B966-DC46C76362A1}.Debug|Any CPU.Build.0 = Debug|Any CPU
		{05AE7017-1C77-4113-B966-DC46C76362A1}.Release|Any CPU.ActiveCfg = Release|Any CPU
		{05AE7017-1C77-4113-B966-DC46C76362A1}.Release|Any CPU.Build.0 = Release|Any CPU
		{B3F8F00A-194B-4C1A-B1EA-5AD7EB34A72B}.Debug|Any CPU.ActiveCfg = Debug|Any CPU
		{B3F8F00A-194B-4C1A-B1EA-5AD7EB34A72B}.Debug|Any CPU.Build.0 = Debug|Any CPU
		{B3F8F00A-194B-4C1A-B1EA-5AD7EB34A72B}.Release|Any CPU.ActiveCfg = Release|Any CPU
		{B3F8F00A-194B-4C1A-B1EA-5AD7EB34A72B}.Release|Any CPU.Build.0 = Release|Any CPU
	EndGlobalSection
	GlobalSection(SolutionProperties) = preSolution
		HideSolutionNode = FALSE
	EndGlobalSection
	GlobalSection(ExtensibilityGlobals) = postSolution
		SolutionGuid = {F26F1C3E-CAF7-4C39-8F1E-9AF8F797EA49}
	EndGlobalSection
EndGlobal
